// !$*UTF8*$!
{
	archiveVersion = 1;
	classes = {
	};
	objectVersion = 46;
	objects = {

/* Begin PBXBuildFile section */
		B010D2871E5A919300E7E780 /* Mock.swift in Sources */ = {isa = PBXBuildFile; fileRef = B010D2861E5A919300E7E780 /* Mock.swift */; };
		B0B383031E58135E00BA81CB /* AppDelegate.swift in Sources */ = {isa = PBXBuildFile; fileRef = B0B383021E58135E00BA81CB /* AppDelegate.swift */; };
		B0B383051E58135E00BA81CB /* ViewController.swift in Sources */ = {isa = PBXBuildFile; fileRef = B0B383041E58135E00BA81CB /* ViewController.swift */; };
		B0B383081E58135E00BA81CB /* Main.storyboard in Resources */ = {isa = PBXBuildFile; fileRef = B0B383061E58135E00BA81CB /* Main.storyboard */; };
		B0B3830A1E58135E00BA81CB /* Assets.xcassets in Resources */ = {isa = PBXBuildFile; fileRef = B0B383091E58135E00BA81CB /* Assets.xcassets */; };
		B0B3830D1E58135E00BA81CB /* LaunchScreen.storyboard in Resources */ = {isa = PBXBuildFile; fileRef = B0B3830B1E58135E00BA81CB /* LaunchScreen.storyboard */; };
		B0B383181E58135E00BA81CB /* OviaTests.swift in Sources */ = {isa = PBXBuildFile; fileRef = B0B383171E58135E00BA81CB /* OviaTests.swift */; };
		B0B383231E5818C500BA81CB /* ViewModel.swift in Sources */ = {isa = PBXBuildFile; fileRef = B0B383221E5818C500BA81CB /* ViewModel.swift */; };
/* End PBXBuildFile section */

/* Begin PBXContainerItemProxy section */
		B0B383141E58135E00BA81CB /* PBXContainerItemProxy */ = {
			isa = PBXContainerItemProxy;
			containerPortal = B0B382F71E58135D00BA81CB /* Project object */;
			proxyType = 1;
			remoteGlobalIDString = B0B382FE1E58135D00BA81CB;
			remoteInfo = Ovia;
		};
/* End PBXContainerItemProxy section */

/* Begin PBXFileReference section */
		B010D2861E5A919300E7E780 /* Mock.swift */ = {isa = PBXFileReference; fileEncoding = 4; lastKnownFileType = sourcecode.swift; path = Mock.swift; sourceTree = "<group>"; };
		B0B382FF1E58135D00BA81CB /* Ovia.app */ = {isa = PBXFileReference; explicitFileType = wrapper.application; includeInIndex = 0; path = Ovia.app; sourceTree = BUILT_PRODUCTS_DIR; };
		B0B383021E58135E00BA81CB /* AppDelegate.swift */ = {isa = PBXFileReference; lastKnownFileType = sourcecode.swift; path = AppDelegate.swift; sourceTree = "<group>"; };
		B0B383041E58135E00BA81CB /* ViewController.swift */ = {isa = PBXFileReference; lastKnownFileType = sourcecode.swift; path = ViewController.swift; sourceTree = "<group>"; };
		B0B383071E58135E00BA81CB /* Base */ = {isa = PBXFileReference; lastKnownFileType = file.storyboard; name = Base; path = Base.lproj/Main.storyboard; sourceTree = "<group>"; };
		B0B383091E58135E00BA81CB /* Assets.xcassets */ = {isa = PBXFileReference; lastKnownFileType = folder.assetcatalog; path = Assets.xcassets; sourceTree = "<group>"; };
		B0B3830C1E58135E00BA81CB /* Base */ = {isa = PBXFileReference; lastKnownFileType = file.storyboard; name = Base; path = Base.lproj/LaunchScreen.storyboard; sourceTree = "<group>"; };
		B0B3830E1E58135E00BA81CB /* Info.plist */ = {isa = PBXFileReference; lastKnownFileType = text.plist.xml; path = Info.plist; sourceTree = "<group>"; };
		B0B383131E58135E00BA81CB /* OviaTests.xctest */ = {isa = PBXFileReference; explicitFileType = wrapper.cfbundle; includeInIndex = 0; path = OviaTests.xctest; sourceTree = BUILT_PRODUCTS_DIR; };
		B0B383171E58135E00BA81CB /* OviaTests.swift */ = {isa = PBXFileReference; lastKnownFileType = sourcecode.swift; path = OviaTests.swift; sourceTree = "<group>"; };
		B0B383191E58135E00BA81CB /* Info.plist */ = {isa = PBXFileReference; lastKnownFileType = text.plist.xml; path = Info.plist; sourceTree = "<group>"; };
		B0B383221E5818C500BA81CB /* ViewModel.swift */ = {isa = PBXFileReference; fileEncoding = 4; lastKnownFileType = sourcecode.swift; path = ViewModel.swift; sourceTree = "<group>"; };
/* End PBXFileReference section */

/* Begin PBXFrameworksBuildPhase section */
		B0B382FC1E58135D00BA81CB /* Frameworks */ = {
			isa = PBXFrameworksBuildPhase;
			buildActionMask = 2147483647;
			files = (
			);
			runOnlyForDeploymentPostprocessing = 0;
		};
		B0B383101E58135E00BA81CB /* Frameworks */ = {
			isa = PBXFrameworksBuildPhase;
			buildActionMask = 2147483647;
			files = (
			);
			runOnlyForDeploymentPostprocessing = 0;
		};
/* End PBXFrameworksBuildPhase section */

/* Begin PBXGroup section */
		B0B382F61E58135D00BA81CB = {
			isa = PBXGroup;
			children = (
				B0B383011E58135D00BA81CB /* Ovia */,
				B0B383161E58135E00BA81CB /* OviaTests */,
				B0B383001E58135D00BA81CB /* Products */,
			);
			sourceTree = "<group>";
		};
		B0B383001E58135D00BA81CB /* Products */ = {
			isa = PBXGroup;
			children = (
				B0B382FF1E58135D00BA81CB /* Ovia.app */,
				B0B383131E58135E00BA81CB /* OviaTests.xctest */,
			);
			name = Products;
			sourceTree = "<group>";
		};
		B0B383011E58135D00BA81CB /* Ovia */ = {
			isa = PBXGroup;
			children = (
				B0B383021E58135E00BA81CB /* AppDelegate.swift */,
				B0B383041E58135E00BA81CB /* ViewController.swift */,
				B0B383221E5818C500BA81CB /* ViewModel.swift */,
				B0B383061E58135E00BA81CB /* Main.storyboard */,
				B0B383091E58135E00BA81CB /* Assets.xcassets */,
				B0B3830B1E58135E00BA81CB /* LaunchScreen.storyboard */,
				B0B3830E1E58135E00BA81CB /* Info.plist */,
			);
			path = Ovia;
			sourceTree = "<group>";
		};
		B0B383161E58135E00BA81CB /* OviaTests */ = {
			isa = PBXGroup;
			children = (
				B0B383171E58135E00BA81CB /* OviaTests.swift */,
				B0B383191E58135E00BA81CB /* Info.plist */,
				B010D2861E5A919300E7E780 /* Mock.swift */,
			);
			path = OviaTests;
			sourceTree = "<group>";
		};
/* End PBXGroup section */

/* Begin PBXNativeTarget section */
		B0B382FE1E58135D00BA81CB /* Ovia */ = {
			isa = PBXNativeTarget;
			buildConfigurationList = B0B3831C1E58135E00BA81CB /* Build configuration list for PBXNativeTarget "Ovia" */;
			buildPhases = (
				B0B382FB1E58135D00BA81CB /* Sources */,
				B0B382FC1E58135D00BA81CB /* Frameworks */,
				B0B382FD1E58135D00BA81CB /* Resources */,
			);
			buildRules = (
			);
			dependencies = (
			);
			name = Ovia;
			productName = Ovia;
			productReference = B0B382FF1E58135D00BA81CB /* Ovia.app */;
			productType = "com.apple.product-type.application";
		};
		B0B383121E58135E00BA81CB /* OviaTests */ = {
			isa = PBXNativeTarget;
			buildConfigurationList = B0B3831F1E58135E00BA81CB /* Build configuration list for PBXNativeTarget "OviaTests" */;
			buildPhases = (
				B0B3830F1E58135E00BA81CB /* Sources */,
				B0B383101E58135E00BA81CB /* Frameworks */,
				B0B383111E58135E00BA81CB /* Resources */,
			);
			buildRules = (
			);
			dependencies = (
				B0B383151E58135E00BA81CB /* PBXTargetDependency */,
			);
			name = OviaTests;
			productName = OviaTests;
			productReference = B0B383131E58135E00BA81CB /* OviaTests.xctest */;
			productType = "com.apple.product-type.bundle.unit-test";
		};
/* End PBXNativeTarget section */

/* Begin PBXProject section */
		B0B382F71E58135D00BA81CB /* Project object */ = {
			isa = PBXProject;
			attributes = {
				LastSwiftUpdateCheck = 0820;
				LastUpgradeCheck = 0820;
				ORGANIZATIONNAME = "Zongkun Dou";
				TargetAttributes = {
					B0B382FE1E58135D00BA81CB = {
						CreatedOnToolsVersion = 8.2.1;
						DevelopmentTeam = KN956PWX39;
						ProvisioningStyle = Manual;
					};
					B0B383121E58135E00BA81CB = {
						CreatedOnToolsVersion = 8.2.1;
						ProvisioningStyle = Automatic;
						TestTargetID = B0B382FE1E58135D00BA81CB;
					};
				};
			};
			buildConfigurationList = B0B382FA1E58135D00BA81CB /* Build configuration list for PBXProject "Ovia" */;
			compatibilityVersion = "Xcode 3.2";
			developmentRegion = English;
			hasScannedForEncodings = 0;
			knownRegions = (
				en,
				Base,
			);
			mainGroup = B0B382F61E58135D00BA81CB;
			productRefGroup = B0B383001E58135D00BA81CB /* Products */;
			projectDirPath = "";
			projectRoot = "";
			targets = (
				B0B382FE1E58135D00BA81CB /* Ovia */,
				B0B383121E58135E00BA81CB /* OviaTests */,
			);
		};
/* End PBXProject section */

/* Begin PBXResourcesBuildPhase section */
		B0B382FD1E58135D00BA81CB /* Resources */ = {
			isa = PBXResourcesBuildPhase;
			buildActionMask = 2147483647;
			files = (
				B0B3830D1E58135E00BA81CB /* LaunchScreen.storyboard in Resources */,
				B0B3830A1E58135E00BA81CB /* Assets.xcassets in Resources */,
				B0B383081E58135E00BA81CB /* Main.storyboard in Resources */,
			);
			runOnlyForDeploymentPostprocessing = 0;
		};
		B0B383111E58135E00BA81CB /* Resources */ = {
			isa = PBXResourcesBuildPhase;
			buildActionMask = 2147483647;
			files = (
			);
			runOnlyForDeploymentPostprocessing = 0;
		};
/* End PBXResourcesBuildPhase section */

/* Begin PBXSourcesBuildPhase section */
		B0B382FB1E58135D00BA81CB /* Sources */ = {
			isa = PBXSourcesBuildPhase;
			buildActionMask = 2147483647;
			files = (
				B0B383051E58135E00BA81CB /* ViewController.swift in Sources */,
				B0B383231E5818C500BA81CB /* ViewModel.swift in Sources */,
				B0B383031E58135E00BA81CB /* AppDelegate.swift in Sources */,
			);
			runOnlyForDeploymentPostprocessing = 0;
		};
		B0B3830F1E58135E00BA81CB /* Sources */ = {
			isa = PBXSourcesBuildPhase;
			buildActionMask = 2147483647;
			files = (
				B0B383181E58135E00BA81CB /* OviaTests.swift in Sources */,
				B010D2871E5A919300E7E780 /* Mock.swift in Sources */,
			);
			runOnlyForDeploymentPostprocessing = 0;
		};
/* End PBXSourcesBuildPhase section */

/* Begin PBXTargetDependency section */
		B0B383151E58135E00BA81CB /* PBXTargetDependency */ = {
			isa = PBXTargetDependency;
			target = B0B382FE1E58135D00BA81CB /* Ovia */;
			targetProxy = B0B383141E58135E00BA81CB /* PBXContainerItemProxy */;
		};
/* End PBXTargetDependency section */

/* Begin PBXVariantGroup section */
		B0B383061E58135E00BA81CB /* Main.storyboard */ = {
			isa = PBXVariantGroup;
			children = (
				B0B383071E58135E00BA81CB /* Base */,
			);
			name = Main.storyboard;
			sourceTree = "<group>";
		};
		B0B3830B1E58135E00BA81CB /* LaunchScreen.storyboard */ = {
			isa = PBXVariantGroup;
			children = (
				B0B3830C1E58135E00BA81CB /* Base */,
			);
			name = LaunchScreen.storyboard;
			sourceTree = "<group>";
		};
/* End PBXVariantGroup section */

/* Begin XCBuildConfiguration section */
		B0B3831A1E58135E00BA81CB /* Debug */ = {
			isa = XCBuildConfiguration;
			buildSettings = {
				ALWAYS_SEARCH_USER_PATHS = NO;
				CLANG_ANALYZER_NONNULL = YES;
				CLANG_CXX_LANGUAGE_STANDARD = "gnu++0x";
				CLANG_CXX_LIBRARY = "libc++";
				CLANG_ENABLE_MODULES = YES;
				CLANG_ENABLE_OBJC_ARC = YES;
				CLANG_WARN_BOOL_CONVERSION = YES;
				CLANG_WARN_CONSTANT_CONVERSION = YES;
				CLANG_WARN_DIRECT_OBJC_ISA_USAGE = YES_ERROR;
				CLANG_WARN_DOCUMENTATION_COMMENTS = YES;
				CLANG_WARN_EMPTY_BODY = YES;
				CLANG_WARN_ENUM_CONVERSION = YES;
				CLANG_WARN_INFINITE_RECURSION = YES;
				CLANG_WARN_INT_CONVERSION = YES;
				CLANG_WARN_OBJC_ROOT_CLASS = YES_ERROR;
				CLANG_WARN_SUSPICIOUS_MOVE = YES;
				CLANG_WARN_UNREACHABLE_CODE = YES;
				CLANG_WARN__DUPLICATE_METHOD_MATCH = YES;
				"CODE_SIGN_IDENTITY[sdk=iphoneos*]" = "iPhone Developer";
				COPY_PHASE_STRIP = NO;
				DEBUG_INFORMATION_FORMAT = dwarf;
				ENABLE_STRICT_OBJC_MSGSEND = YES;
				ENABLE_TESTABILITY = YES;
				GCC_C_LANGUAGE_STANDARD = gnu99;
				GCC_DYNAMIC_NO_PIC = NO;
				GCC_NO_COMMON_BLOCKS = YES;
				GCC_OPTIMIZATION_LEVEL = 0;
				GCC_PREPROCESSOR_DEFINITIONS = (
					"DEBUG=1",
					"$(inherited)",
				);
				GCC_WARN_64_TO_32_BIT_CONVERSION = YES;
				GCC_WARN_ABOUT_RETURN_TYPE = YES_ERROR;
				GCC_WARN_UNDECLARED_SELECTOR = YES;
				GCC_WARN_UNINITIALIZED_AUTOS = YES_AGGRESSIVE;
				GCC_WARN_UNUSED_FUNCTION = YES;
				GCC_WARN_UNUSED_VARIABLE = YES;
				IPHONEOS_DEPLOYMENT_TARGET = 10.2;
				MTL_ENABLE_DEBUG_INFO = YES;
				ONLY_ACTIVE_ARCH = YES;
				SDKROOT = iphoneos;
				SWIFT_ACTIVE_COMPILATION_CONDITIONS = DEBUG;
				SWIFT_OPTIMIZATION_LEVEL = "-Onone";
			};
			name = Debug;
		};
		B0B3831B1E58135E00BA81CB /* Release */ = {
			isa = XCBuildConfiguration;
			buildSettings = {
				ALWAYS_SEARCH_USER_PATHS = NO;
				CLANG_ANALYZER_NONNULL = YES;
				CLANG_CXX_LANGUAGE_STANDARD = "gnu++0x";
				CLANG_CXX_LIBRARY = "libc++";
				CLANG_ENABLE_MODULES = YES;
				CLANG_ENABLE_OBJC_ARC = YES;
				CLANG_WARN_BOOL_CONVERSION = YES;
				CLANG_WARN_CONSTANT_CONVERSION = YES;
				CLANG_WARN_DIRECT_OBJC_ISA_USAGE = YES_ERROR;
				CLANG_WARN_DOCUMENTATION_COMMENTS = YES;
				CLANG_WARN_EMPTY_BODY = YES;
				CLANG_WARN_ENUM_CONVERSION = YES;
				CLANG_WARN_INFINITE_RECURSION = YES;
				CLANG_WARN_INT_CONVERSION = YES;
				CLANG_WARN_OBJC_ROOT_CLASS = YES_ERROR;
				CLANG_WARN_SUSPICIOUS_MOVE = YES;
				CLANG_WARN_UNREACHABLE_CODE = YES;
				CLANG_WARN__DUPLICATE_METHOD_MATCH = YES;
				"CODE_SIGN_IDENTITY[sdk=iphoneos*]" = "iPhone Developer";
				COPY_PHASE_STRIP = NO;
				DEBUG_INFORMATION_FORMAT = "dwarf-with-dsym";
				ENABLE_NS_ASSERTIONS = NO;
				ENABLE_STRICT_OBJC_MSGSEND = YES;
				GCC_C_LANGUAGE_STANDARD = gnu99;
				GCC_NO_COMMON_BLOCKS = YES;
				GCC_WARN_64_TO_32_BIT_CONVERSION = YES;
				GCC_WARN_ABOUT_RETURN_TYPE = YES_ERROR;
				GCC_WARN_UNDECLARED_SELECTOR = YES;
				GCC_WARN_UNINITIALIZED_AUTOS = YES_AGGRESSIVE;
				GCC_WARN_UNUSED_FUNCTION = YES;
				GCC_WARN_UNUSED_VARIABLE = YES;
				IPHONEOS_DEPLOYMENT_TARGET = 10.2;
				MTL_ENABLE_DEBUG_INFO = NO;
				SDKROOT = iphoneos;
				SWIFT_OPTIMIZATION_LEVEL = "-Owholemodule";
				VALIDATE_PRODUCT = YES;
			};
			name = Release;
		};
		B0B3831D1E58135E00BA81CB /* Debug */ = {
			isa = XCBuildConfiguration;
			buildSettings = {
				ASSETCATALOG_COMPILER_APPICON_NAME = AppIcon;
				"CODE_SIGN_IDENTITY[sdk=iphoneos*]" = "iPhone Distribution";
				DEVELOPMENT_TEAM = KN956PWX39;
				INFOPLIST_FILE = Ovia/Info.plist;
				LD_RUNPATH_SEARCH_PATHS = "$(inherited) @executable_path/Frameworks";
				PRODUCT_BUNDLE_IDENTIFIER = com.ovia.Ovia;
				PRODUCT_NAME = "$(TARGET_NAME)";
				PROVISIONING_PROFILE = "dcb9139f-fc25-4525-a638-6989b21adf3e";
				PROVISIONING_PROFILE_SPECIFIER = "XC Ad Hoc: *";
				SWIFT_VERSION = 3.0;
			};
			name = Debug;
		};
		B0B3831E1E58135E00BA81CB /* Release */ = {
			isa = XCBuildConfiguration;
			buildSettings = {
				ASSETCATALOG_COMPILER_APPICON_NAME = AppIcon;
				"CODE_SIGN_IDENTITY[sdk=iphoneos*]" = "iPhone Distribution";
				DEVELOPMENT_TEAM = KN956PWX39;
				INFOPLIST_FILE = Ovia/Info.plist;
				LD_RUNPATH_SEARCH_PATHS = "$(inherited) @executable_path/Frameworks";
				PRODUCT_BUNDLE_IDENTIFIER = com.ovia.Ovia;
				PRODUCT_NAME = "$(TARGET_NAME)";
				PROVISIONING_PROFILE = "dcb9139f-fc25-4525-a638-6989b21adf3e";
				PROVISIONING_PROFILE_SPECIFIER = "XC Ad Hoc: *";
				SWIFT_VERSION = 3.0;
			};
			name = Release;
		};
		B0B383201E58135E00BA81CB /* Debug */ = {
			isa = XCBuildConfiguration;
			buildSettings = {
				ALWAYS_EMBED_SWIFT_STANDARD_LIBRARIES = YES;
				BUNDLE_LOADER = "$(TEST_HOST)";
				INFOPLIST_FILE = OviaTests/Info.plist;
				LD_RUNPATH_SEARCH_PATHS = "$(inherited) @executable_path/Frameworks @loader_path/Frameworks";
				PRODUCT_BUNDLE_IDENTIFIER = com.ovia.OviaTests;
				PRODUCT_NAME = "$(TARGET_NAME)";
				SWIFT_VERSION = 3.0;
				TEST_HOST = "$(BUILT_PRODUCTS_DIR)/Ovia.app/Ovia";
			};
			name = Debug;
		};
		B0B383211E58135E00BA81CB /* Release */ = {
			isa = XCBuildConfiguration;
			buildSettings = {
				ALWAYS_EMBED_SWIFT_STANDARD_LIBRARIES = YES;
				BUNDLE_LOADER = "$(TEST_HOST)";
				INFOPLIST_FILE = OviaTests/Info.plist;
				LD_RUNPATH_SEARCH_PATHS = "$(inherited) @executable_path/Frameworks @loader_path/Frameworks";
				PRODUCT_BUNDLE_IDENTIFIER = com.ovia.OviaTests;
				PRODUCT_NAME = "$(TARGET_NAME)";
				SWIFT_VERSION = 3.0;
				TEST_HOST = "$(BUILT_PRODUCTS_DIR)/Ovia.app/Ovia";
			};
			name = Release;
		};
/* End XCBuildConfiguration section */

/* Begin XCConfigurationList section */
		B0B382FA1E58135D00BA81CB /* Build configuration list for PBXProject "Ovia" */ = {
			isa = XCConfigurationList;
			buildConfigurations = (
				B0B3831A1E58135E00BA81CB /* Debug */,
				B0B3831B1E58135E00BA81CB /* Release */,
			);
			defaultConfigurationIsVisible = 0;
			defaultConfigurationName = Release;
		};
		B0B3831C1E58135E00BA81CB /* Build configuration list for PBXNativeTarget "Ovia" */ = {
			isa = XCConfigurationList;
			buildConfigurations = (
				B0B3831D1E58135E00BA81CB /* Debug */,
				B0B3831E1E58135E00BA81CB /* Release */,
			);
			defaultConfigurationIsVisible = 0;
			defaultConfigurationName = Release;
		};
		B0B3831F1E58135E00BA81CB /* Build configuration list for PBXNativeTarget "OviaTests" */ = {
			isa = XCConfigurationList;
			buildConfigurations = (
				B0B383201E58135E00BA81CB /* Debug */,
				B0B383211E58135E00BA81CB /* Release */,
			);
			defaultConfigurationIsVisible = 0;
			defaultConfigurationName = Release;
		};
/* End XCConfigurationList section */
	};
	rootObject = B0B382F71E58135D00BA81CB /* Project object */;
}
